// !$*UTF8*$!
{
	archiveVersion = 1;
	classes = {
	};
	objectVersion = 55;
	objects = {

/* Begin PBXBuildFile section */
		8A08AFEE2848FA0D002A8BCB /* AppDelegate.swift in Sources */ = {isa = PBXBuildFile; fileRef = 8A08AFED2848FA0D002A8BCB /* AppDelegate.swift */; };
		8A08AFF02848FA0D002A8BCB /* SceneDelegate.swift in Sources */ = {isa = PBXBuildFile; fileRef = 8A08AFEF2848FA0D002A8BCB /* SceneDelegate.swift */; };
		8A08AFF22848FA0D002A8BCB /* ViewController.swift in Sources */ = {isa = PBXBuildFile; fileRef = 8A08AFF12848FA0D002A8BCB /* ViewController.swift */; };
		8A08AFF52848FA0D002A8BCB /* Main.storyboard in Resources */ = {isa = PBXBuildFile; fileRef = 8A08AFF32848FA0D002A8BCB /* Main.storyboard */; };
		8A08AFF82848FA0D002A8BCB /* QNA.xcdatamodeld in Sources */ = {isa = PBXBuildFile; fileRef = 8A08AFF62848FA0D002A8BCB /* QNA.xcdatamodeld */; };
		8A08AFFA2848FA12002A8BCB /* Assets.xcassets in Resources */ = {isa = PBXBuildFile; fileRef = 8A08AFF92848FA12002A8BCB /* Assets.xcassets */; };
		8A08AFFD2848FA12002A8BCB /* LaunchScreen.storyboard in Resources */ = {isa = PBXBuildFile; fileRef = 8A08AFFB2848FA12002A8BCB /* LaunchScreen.storyboard */; };
		8A08B0082848FA13002A8BCB /* QNATests.swift in Sources */ = {isa = PBXBuildFile; fileRef = 8A08B0072848FA13002A8BCB /* QNATests.swift */; };
		8A08B0122848FA13002A8BCB /* QNAUITests.swift in Sources */ = {isa = PBXBuildFile; fileRef = 8A08B0112848FA13002A8BCB /* QNAUITests.swift */; };
		8A08B0142848FA13002A8BCB /* QNAUITestsLaunchTests.swift in Sources */ = {isa = PBXBuildFile; fileRef = 8A08B0132848FA13002A8BCB /* QNAUITestsLaunchTests.swift */; };
/* End PBXBuildFile section */

/* Begin PBXContainerItemProxy section */
		8A08B0042848FA13002A8BCB /* PBXContainerItemProxy */ = {
			isa = PBXContainerItemProxy;
			containerPortal = 8A08AFE22848FA0D002A8BCB /* Project object */;
			proxyType = 1;
			remoteGlobalIDString = 8A08AFE92848FA0D002A8BCB;
			remoteInfo = QNA;
		};
		8A08B00E2848FA13002A8BCB /* PBXContainerItemProxy */ = {
			isa = PBXContainerItemProxy;
			containerPortal = 8A08AFE22848FA0D002A8BCB /* Project object */;
			proxyType = 1;
			remoteGlobalIDString = 8A08AFE92848FA0D002A8BCB;
			remoteInfo = QNA;
		};
/* End PBXContainerItemProxy section */

/* Begin PBXFileReference section */
		8A08AFEA2848FA0D002A8BCB /* QNA.app */ = {isa = PBXFileReference; explicitFileType = wrapper.application; includeInIndex = 0; path = QNA.app; sourceTree = BUILT_PRODUCTS_DIR; };
		8A08AFED2848FA0D002A8BCB /* AppDelegate.swift */ = {isa = PBXFileReference; lastKnownFileType = sourcecode.swift; path = AppDelegate.swift; sourceTree = "<group>"; };
		8A08AFEF2848FA0D002A8BCB /* SceneDelegate.swift */ = {isa = PBXFileReference; lastKnownFileType = sourcecode.swift; path = SceneDelegate.swift; sourceTree = "<group>"; };
		8A08AFF12848FA0D002A8BCB /* ViewController.swift */ = {isa = PBXFileReference; lastKnownFileType = sourcecode.swift; path = ViewController.swift; sourceTree = "<group>"; };
		8A08AFF42848FA0D002A8BCB /* Base */ = {isa = PBXFileReference; lastKnownFileType = file.storyboard; name = Base; path = Base.lproj/Main.storyboard; sourceTree = "<group>"; };
		8A08AFF72848FA0D002A8BCB /* QNA.xcdatamodel */ = {isa = PBXFileReference; lastKnownFileType = wrapper.xcdatamodel; path = QNA.xcdatamodel; sourceTree = "<group>"; };
		8A08AFF92848FA12002A8BCB /* Assets.xcassets */ = {isa = PBXFileReference; lastKnownFileType = folder.assetcatalog; path = Assets.xcassets; sourceTree = "<group>"; };
		8A08AFFC2848FA12002A8BCB /* Base */ = {isa = PBXFileReference; lastKnownFileType = file.storyboard; name = Base; path = Base.lproj/LaunchScreen.storyboard; sourceTree = "<group>"; };
		8A08AFFE2848FA12002A8BCB /* Info.plist */ = {isa = PBXFileReference; lastKnownFileType = text.plist.xml; path = Info.plist; sourceTree = "<group>"; };
		8A08B0032848FA13002A8BCB /* QNATests.xctest */ = {isa = PBXFileReference; explicitFileType = wrapper.cfbundle; includeInIndex = 0; path = QNATests.xctest; sourceTree = BUILT_PRODUCTS_DIR; };
		8A08B0072848FA13002A8BCB /* QNATests.swift */ = {isa = PBXFileReference; lastKnownFileType = sourcecode.swift; path = QNATests.swift; sourceTree = "<group>"; };
		8A08B00D2848FA13002A8BCB /* QNAUITests.xctest */ = {isa = PBXFileReference; explicitFileType = wrapper.cfbundle; includeInIndex = 0; path = QNAUITests.xctest; sourceTree = BUILT_PRODUCTS_DIR; };
		8A08B0112848FA13002A8BCB /* QNAUITests.swift */ = {isa = PBXFileReference; lastKnownFileType = sourcecode.swift; path = QNAUITests.swift; sourceTree = "<group>"; };
		8A08B0132848FA13002A8BCB /* QNAUITestsLaunchTests.swift */ = {isa = PBXFileReference; lastKnownFileType = sourcecode.swift; path = QNAUITestsLaunchTests.swift; sourceTree = "<group>"; };
/* End PBXFileReference section */

/* Begin PBXFrameworksBuildPhase section */
		8A08AFE72848FA0D002A8BCB /* Frameworks */ = {
			isa = PBXFrameworksBuildPhase;
			buildActionMask = 2147483647;
			files = (
			);
			runOnlyForDeploymentPostprocessing = 0;
		};
		8A08B0002848FA13002A8BCB /* Frameworks */ = {
			isa = PBXFrameworksBuildPhase;
			buildActionMask = 2147483647;
			files = (
			);
			runOnlyForDeploymentPostprocessing = 0;
		};
		8A08B00A2848FA13002A8BCB /* Frameworks */ = {
			isa = PBXFrameworksBuildPhase;
			buildActionMask = 2147483647;
			files = (
			);
			runOnlyForDeploymentPostprocessing = 0;
		};
/* End PBXFrameworksBuildPhase section */

/* Begin PBXGroup section */
		8A08AFE12848FA0D002A8BCB = {
			isa = PBXGroup;
			children = (
				8A08AFEC2848FA0D002A8BCB /* QNA */,
				8A08B0062848FA13002A8BCB /* QNATests */,
				8A08B0102848FA13002A8BCB /* QNAUITests */,
				8A08AFEB2848FA0D002A8BCB /* Products */,
			);
			sourceTree = "<group>";
		};
		8A08AFEB2848FA0D002A8BCB /* Products */ = {
			isa = PBXGroup;
			children = (
				8A08AFEA2848FA0D002A8BCB /* QNA.app */,
				8A08B0032848FA13002A8BCB /* QNATests.xctest */,
				8A08B00D2848FA13002A8BCB /* QNAUITests.xctest */,
			);
			name = Products;
			sourceTree = "<group>";
		};
		8A08AFEC2848FA0D002A8BCB /* QNA */ = {
			isa = PBXGroup;
			children = (
				8A08AFED2848FA0D002A8BCB /* AppDelegate.swift */,
				8A08AFEF2848FA0D002A8BCB /* SceneDelegate.swift */,
				8A08AFF12848FA0D002A8BCB /* ViewController.swift */,
				8A08AFF32848FA0D002A8BCB /* Main.storyboard */,
				8A08AFF92848FA12002A8BCB /* Assets.xcassets */,
				8A08AFFB2848FA12002A8BCB /* LaunchScreen.storyboard */,
				8A08AFFE2848FA12002A8BCB /* Info.plist */,
				8A08AFF62848FA0D002A8BCB /* QNA.xcdatamodeld */,
			);
			path = QNA;
			sourceTree = "<group>";
		};
		8A08B0062848FA13002A8BCB /* QNATests */ = {
			isa = PBXGroup;
			children = (
				8A08B0072848FA13002A8BCB /* QNATests.swift */,
			);
			path = QNATests;
			sourceTree = "<group>";
		};
		8A08B0102848FA13002A8BCB /* QNAUITests */ = {
			isa = PBXGroup;
			children = (
				8A08B0112848FA13002A8BCB /* QNAUITests.swift */,
				8A08B0132848FA13002A8BCB /* QNAUITestsLaunchTests.swift */,
			);
			path = QNAUITests;
			sourceTree = "<group>";
		};
/* End PBXGroup section */

/* Begin PBXNativeTarget section */
		8A08AFE92848FA0D002A8BCB /* QNA */ = {
			isa = PBXNativeTarget;
			buildConfigurationList = 8A08B0172848FA13002A8BCB /* Build configuration list for PBXNativeTarget "QNA" */;
			buildPhases = (
				8A08AFE62848FA0D002A8BCB /* Sources */,
				8A08AFE72848FA0D002A8BCB /* Frameworks */,
				8A08AFE82848FA0D002A8BCB /* Resources */,
			);
			buildRules = (
			);
			dependencies = (
			);
			name = QNA;
			productName = QNA;
			productReference = 8A08AFEA2848FA0D002A8BCB /* QNA.app */;
			productType = "com.apple.product-type.application";
		};
		8A08B0022848FA13002A8BCB /* QNATests */ = {
			isa = PBXNativeTarget;
			buildConfigurationList = 8A08B01A2848FA13002A8BCB /* Build configuration list for PBXNativeTarget "QNATests" */;
			buildPhases = (
				8A08AFFF2848FA13002A8BCB /* Sources */,
				8A08B0002848FA13002A8BCB /* Frameworks */,
				8A08B0012848FA13002A8BCB /* Resources */,
			);
			buildRules = (
			);
			dependencies = (
				8A08B0052848FA13002A8BCB /* PBXTargetDependency */,
			);
			name = QNATests;
			productName = QNATests;
			productReference = 8A08B0032848FA13002A8BCB /* QNATests.xctest */;
			productType = "com.apple.product-type.bundle.unit-test";
		};
		8A08B00C2848FA13002A8BCB /* QNAUITests */ = {
			isa = PBXNativeTarget;
			buildConfigurationList = 8A08B01D2848FA13002A8BCB /* Build configuration list for PBXNativeTarget "QNAUITests" */;
			buildPhases = (
				8A08B0092848FA13002A8BCB /* Sources */,
				8A08B00A2848FA13002A8BCB /* Frameworks */,
				8A08B00B2848FA13002A8BCB /* Resources */,
			);
			buildRules = (
			);
			dependencies = (
				8A08B00F2848FA13002A8BCB /* PBXTargetDependency */,
			);
			name = QNAUITests;
			productName = QNAUITests;
			productReference = 8A08B00D2848FA13002A8BCB /* QNAUITests.xctest */;
			productType = "com.apple.product-type.bundle.ui-testing";
		};
/* End PBXNativeTarget section */

/* Begin PBXProject section */
		8A08AFE22848FA0D002A8BCB /* Project object */ = {
			isa = PBXProject;
			attributes = {
				BuildIndependentTargetsInParallel = 1;
				LastSwiftUpdateCheck = 1320;
				LastUpgradeCheck = 1320;
				TargetAttributes = {
					8A08AFE92848FA0D002A8BCB = {
						CreatedOnToolsVersion = 13.2.1;
					};
					8A08B0022848FA13002A8BCB = {
						CreatedOnToolsVersion = 13.2.1;
						TestTargetID = 8A08AFE92848FA0D002A8BCB;
					};
					8A08B00C2848FA13002A8BCB = {
						CreatedOnToolsVersion = 13.2.1;
						TestTargetID = 8A08AFE92848FA0D002A8BCB;
					};
				};
			};
			buildConfigurationList = 8A08AFE52848FA0D002A8BCB /* Build configuration list for PBXProject "QNA" */;
			compatibilityVersion = "Xcode 13.0";
			developmentRegion = en;
			hasScannedForEncodings = 0;
			knownRegions = (
				en,
				Base,
			);
			mainGroup = 8A08AFE12848FA0D002A8BCB;
			productRefGroup = 8A08AFEB2848FA0D002A8BCB /* Products */;
			projectDirPath = "";
			projectRoot = "";
			targets = (
				8A08AFE92848FA0D002A8BCB /* QNA */,
				8A08B0022848FA13002A8BCB /* QNATests */,
				8A08B00C2848FA13002A8BCB /* QNAUITests */,
			);
		};
/* End PBXProject section */

/* Begin PBXResourcesBuildPhase section */
		8A08AFE82848FA0D002A8BCB /* Resources */ = {
			isa = PBXResourcesBuildPhase;
			buildActionMask = 2147483647;
			files = (
				8A08AFFD2848FA12002A8BCB /* LaunchScreen.storyboard in Resources */,
				8A08AFFA2848FA12002A8BCB /* Assets.xcassets in Resources */,
				8A08AFF52848FA0D002A8BCB /* Main.storyboard in Resources */,
			);
			runOnlyForDeploymentPostprocessing = 0;
		};
		8A08B0012848FA13002A8BCB /* Resources */ = {
			isa = PBXResourcesBuildPhase;
			buildActionMask = 2147483647;
			files = (
			);
			runOnlyForDeploymentPostprocessing = 0;
		};
		8A08B00B2848FA13002A8BCB /* Resources */ = {
			isa = PBXResourcesBuildPhase;
			buildActionMask = 2147483647;
			files = (
			);
			runOnlyForDeploymentPostprocessing = 0;
		};
/* End PBXResourcesBuildPhase section */

/* Begin PBXSourcesBuildPhase section */
		8A08AFE62848FA0D002A8BCB /* Sources */ = {
			isa = PBXSourcesBuildPhase;
			buildActionMask = 2147483647;
			files = (
				8A08AFF82848FA0D002A8BCB /* QNA.xcdatamodeld in Sources */,
				8A08AFF22848FA0D002A8BCB /* ViewController.swift in Sources */,
				8A08AFEE2848FA0D002A8BCB /* AppDelegate.swift in Sources */,
				8A08AFF02848FA0D002A8BCB /* SceneDelegate.swift in Sources */,
			);
			runOnlyForDeploymentPostprocessing = 0;
		};
		8A08AFFF2848FA13002A8BCB /* Sources */ = {
			isa = PBXSourcesBuildPhase;
			buildActionMask = 2147483647;
			files = (
				8A08B0082848FA13002A8BCB /* QNATests.swift in Sources */,
			);
			runOnlyForDeploymentPostprocessing = 0;
		};
		8A08B0092848FA13002A8BCB /* Sources */ = {
			isa = PBXSourcesBuildPhase;
			buildActionMask = 2147483647;
			files = (
				8A08B0122848FA13002A8BCB /* QNAUITests.swift in Sources */,
				8A08B0142848FA13002A8BCB /* QNAUITestsLaunchTests.swift in Sources */,
			);
			runOnlyForDeploymentPostprocessing = 0;
		};
/* End PBXSourcesBuildPhase section */

/* Begin PBXTargetDependency section */
		8A08B0052848FA13002A8BCB /* PBXTargetDependency */ = {
			isa = PBXTargetDependency;
			target = 8A08AFE92848FA0D002A8BCB /* QNA */;
			targetProxy = 8A08B0042848FA13002A8BCB /* PBXContainerItemProxy */;
		};
		8A08B00F2848FA13002A8BCB /* PBXTargetDependency */ = {
			isa = PBXTargetDependency;
			target = 8A08AFE92848FA0D002A8BCB /* QNA */;
			targetProxy = 8A08B00E2848FA13002A8BCB /* PBXContainerItemProxy */;
		};
/* End PBXTargetDependency section */

/* Begin PBXVariantGroup section */
		8A08AFF32848FA0D002A8BCB /* Main.storyboard */ = {
			isa = PBXVariantGroup;
			children = (
				8A08AFF42848FA0D002A8BCB /* Base */,
			);
			name = Main.storyboard;
			sourceTree = "<group>";
		};
		8A08AFFB2848FA12002A8BCB /* LaunchScreen.storyboard */ = {
			isa = PBXVariantGroup;
			children = (
				8A08AFFC2848FA12002A8BCB /* Base */,
			);
			name = LaunchScreen.storyboard;
			sourceTree = "<group>";
		};
/* End PBXVariantGroup section */

/* Begin XCBuildConfiguration section */
		8A08B0152848FA13002A8BCB /* Debug */ = {
			isa = XCBuildConfiguration;
			buildSettings = {
				ALWAYS_SEARCH_USER_PATHS = NO;
				CLANG_ANALYZER_NONNULL = YES;
				CLANG_ANALYZER_NUMBER_OBJECT_CONVERSION = YES_AGGRESSIVE;
				CLANG_CXX_LANGUAGE_STANDARD = "gnu++17";
				CLANG_CXX_LIBRARY = "libc++";
				CLANG_ENABLE_MODULES = YES;
				CLANG_ENABLE_OBJC_ARC = YES;
				CLANG_ENABLE_OBJC_WEAK = YES;
				CLANG_WARN_BLOCK_CAPTURE_AUTORELEASING = YES;
				CLANG_WARN_BOOL_CONVERSION = YES;
				CLANG_WARN_COMMA = YES;
				CLANG_WARN_CONSTANT_CONVERSION = YES;
				CLANG_WARN_DEPRECATED_OBJC_IMPLEMENTATIONS = YES;
				CLANG_WARN_DIRECT_OBJC_ISA_USAGE = YES_ERROR;
				CLANG_WARN_DOCUMENTATION_COMMENTS = YES;
				CLANG_WARN_EMPTY_BODY = YES;
				CLANG_WARN_ENUM_CONVERSION = YES;
				CLANG_WARN_INFINITE_RECURSION = YES;
				CLANG_WARN_INT_CONVERSION = YES;
				CLANG_WARN_NON_LITERAL_NULL_CONVERSION = YES;
				CLANG_WARN_OBJC_IMPLICIT_RETAIN_SELF = YES;
				CLANG_WARN_OBJC_LITERAL_CONVERSION = YES;
				CLANG_WARN_OBJC_ROOT_CLASS = YES_ERROR;
				CLANG_WARN_QUOTED_INCLUDE_IN_FRAMEWORK_HEADER = YES;
				CLANG_WARN_RANGE_LOOP_ANALYSIS = YES;
				CLANG_WARN_STRICT_PROTOTYPES = YES;
				CLANG_WARN_SUSPICIOUS_MOVE = YES;
				CLANG_WARN_UNGUARDED_AVAILABILITY = YES_AGGRESSIVE;
				CLANG_WARN_UNREACHABLE_CODE = YES;
				CLANG_WARN__DUPLICATE_METHOD_MATCH = YES;
				COPY_PHASE_STRIP = NO;
				DEBUG_INFORMATION_FORMAT = dwarf;
				ENABLE_STRICT_OBJC_MSGSEND = YES;
				ENABLE_TESTABILITY = YES;
				GCC_C_LANGUAGE_STANDARD = gnu11;
				GCC_DYNAMIC_NO_PIC = NO;
				GCC_NO_COMMON_BLOCKS = YES;
				GCC_OPTIMIZATION_LEVEL = 0;
				GCC_PREPROCESSOR_DEFINITIONS = (
					"DEBUG=1",
					"$(inherited)",
				);
				GCC_WARN_64_TO_32_BIT_CONVERSION = YES;
				GCC_WARN_ABOUT_RETURN_TYPE = YES_ERROR;
				GCC_WARN_UNDECLARED_SELECTOR = YES;
				GCC_WARN_UNINITIALIZED_AUTOS = YES_AGGRESSIVE;
				GCC_WARN_UNUSED_FUNCTION = YES;
				GCC_WARN_UNUSED_VARIABLE = YES;
				IPHONEOS_DEPLOYMENT_TARGET = 15.2;
				MTL_ENABLE_DEBUG_INFO = INCLUDE_SOURCE;
				MTL_FAST_MATH = YES;
				ONLY_ACTIVE_ARCH = YES;
				SDKROOT = iphoneos;
				SWIFT_ACTIVE_COMPILATION_CONDITIONS = DEBUG;
				SWIFT_OPTIMIZATION_LEVEL = "-Onone";
			};
			name = Debug;
		};
		8A08B0162848FA13002A8BCB /* Release */ = {
			isa = XCBuildConfiguration;
			buildSettings = {
				ALWAYS_SEARCH_USER_PATHS = NO;
				CLANG_ANALYZER_NONNULL = YES;
				CLANG_ANALYZER_NUMBER_OBJECT_CONVERSION = YES_AGGRESSIVE;
				CLANG_CXX_LANGUAGE_STANDARD = "gnu++17";
				CLANG_CXX_LIBRARY = "libc++";
				CLANG_ENABLE_MODULES = YES;
				CLANG_ENABLE_OBJC_ARC = YES;
				CLANG_ENABLE_OBJC_WEAK = YES;
				CLANG_WARN_BLOCK_CAPTURE_AUTORELEASING = YES;
				CLANG_WARN_BOOL_CONVERSION = YES;
				CLANG_WARN_COMMA = YES;
				CLANG_WARN_CONSTANT_CONVERSION = YES;
				CLANG_WARN_DEPRECATED_OBJC_IMPLEMENTATIONS = YES;
				CLANG_WARN_DIRECT_OBJC_ISA_USAGE = YES_ERROR;
				CLANG_WARN_DOCUMENTATION_COMMENTS = YES;
				CLANG_WARN_EMPTY_BODY = YES;
				CLANG_WARN_ENUM_CONVERSION = YES;
				CLANG_WARN_INFINITE_RECURSION = YES;
				CLANG_WARN_INT_CONVERSION = YES;
				CLANG_WARN_NON_LITERAL_NULL_CONVERSION = YES;
				CLANG_WARN_OBJC_IMPLICIT_RETAIN_SELF = YES;
				CLANG_WARN_OBJC_LITERAL_CONVERSION = YES;
				CLANG_WARN_OBJC_ROOT_CLASS = YES_ERROR;
				CLANG_WARN_QUOTED_INCLUDE_IN_FRAMEWORK_HEADER = YES;
				CLANG_WARN_RANGE_LOOP_ANALYSIS = YES;
				CLANG_WARN_STRICT_PROTOTYPES = YES;
				CLANG_WARN_SUSPICIOUS_MOVE = YES;
				CLANG_WARN_UNGUARDED_AVAILABILITY = YES_AGGRESSIVE;
				CLANG_WARN_UNREACHABLE_CODE = YES;
				CLANG_WARN__DUPLICATE_METHOD_MATCH = YES;
				COPY_PHASE_STRIP = NO;
				DEBUG_INFORMATION_FORMAT = "dwarf-with-dsym";
				ENABLE_NS_ASSERTIONS = NO;
				ENABLE_STRICT_OBJC_MSGSEND = YES;
				GCC_C_LANGUAGE_STANDARD = gnu11;
				GCC_NO_COMMON_BLOCKS = YES;
				GCC_WARN_64_TO_32_BIT_CONVERSION = YES;
				GCC_WARN_ABOUT_RETURN_TYPE = YES_ERROR;
				GCC_WARN_UNDECLARED_SELECTOR = YES;
				GCC_WARN_UNINITIALIZED_AUTOS = YES_AGGRESSIVE;
				GCC_WARN_UNUSED_FUNCTION = YES;
				GCC_WARN_UNUSED_VARIABLE = YES;
				IPHONEOS_DEPLOYMENT_TARGET = 15.2;
				MTL_ENABLE_DEBUG_INFO = NO;
				MTL_FAST_MATH = YES;
				SDKROOT = iphoneos;
				SWIFT_COMPILATION_MODE = wholemodule;
				SWIFT_OPTIMIZATION_LEVEL = "-O";
				VALIDATE_PRODUCT = YES;
			};
			name = Release;
		};
		8A08B0182848FA13002A8BCB /* Debug */ = {
			isa = XCBuildConfiguration;
			buildSettings = {
				ASSETCATALOG_COMPILER_APPICON_NAME = AppIcon;
				ASSETCATALOG_COMPILER_GLOBAL_ACCENT_COLOR_NAME = AccentColor;
				CODE_SIGN_STYLE = Automatic;
				CURRENT_PROJECT_VERSION = 1;
				GENERATE_INFOPLIST_FILE = YES;
				INFOPLIST_FILE = QNA/Info.plist;
				INFOPLIST_KEY_UIApplicationSupportsIndirectInputEvents = YES;
				INFOPLIST_KEY_UILaunchStoryboardName = LaunchScreen;
				INFOPLIST_KEY_UIMainStoryboardFile = Main;
				INFOPLIST_KEY_UISupportedInterfaceOrientations_iPad = "UIInterfaceOrientationPortrait UIInterfaceOrientationPortraitUpsideDown UIInterfaceOrientationLandscapeLeft UIInterfaceOrientationLandscapeRight";
				INFOPLIST_KEY_UISupportedInterfaceOrientations_iPhone = "UIInterfaceOrientationPortrait UIInterfaceOrientationLandscapeLeft UIInterfaceOrientationLandscapeRight";
				LD_RUNPATH_SEARCH_PATHS = (
					"$(inherited)",
					"@executable_path/Frameworks",
				);
				MARKETING_VERSION = 1.0;
				PRODUCT_BUNDLE_IDENTIFIER = demoZZZ.QNA;
				PRODUCT_NAME = "$(TARGET_NAME)";
				SWIFT_EMIT_LOC_STRINGS = YES;
				SWIFT_VERSION = 5.0;
				TARGETED_DEVICE_FAMILY = "1,2";
			};
			name = Debug;
		};
		8A08B0192848FA13002A8BCB /* Release */ = {
			isa = XCBuildConfiguration;
			buildSettings = {
				ASSETCATALOG_COMPILER_APPICON_NAME = AppIcon;
				ASSETCATALOG_COMPILER_GLOBAL_ACCENT_COLOR_NAME = AccentColor;
				CODE_SIGN_STYLE = Automatic;
				CURRENT_PROJECT_VERSION = 1;
				GENERATE_INFOPLIST_FILE = YES;
				INFOPLIST_FILE = QNA/Info.plist;
				INFOPLIST_KEY_UIApplicationSupportsIndirectInputEvents = YES;
				INFOPLIST_KEY_UILaunchStoryboardName = LaunchScreen;
				INFOPLIST_KEY_UIMainStoryboardFile = Main;
				INFOPLIST_KEY_UISupportedInterfaceOrientations_iPad = "UIInterfaceOrientationPortrait UIInterfaceOrientationPortraitUpsideDown UIInterfaceOrientationLandscapeLeft UIInterfaceOrientationLandscapeRight";
				INFOPLIST_KEY_UISupportedInterfaceOrientations_iPhone = "UIInterfaceOrientationPortrait UIInterfaceOrientationLandscapeLeft UIInterfaceOrientationLandscapeRight";
				LD_RUNPATH_SEARCH_PATHS = (
					"$(inherited)",
					"@executable_path/Frameworks",
				);
				MARKETING_VERSION = 1.0;
				PRODUCT_BUNDLE_IDENTIFIER = demoZZZ.QNA;
				PRODUCT_NAME = "$(TARGET_NAME)";
				SWIFT_EMIT_LOC_STRINGS = YES;
				SWIFT_VERSION = 5.0;
				TARGETED_DEVICE_FAMILY = "1,2";
			};
			name = Release;
		};
		8A08B01B2848FA13002A8BCB /* Debug */ = {
			isa = XCBuildConfiguration;
			buildSettings = {
				ALWAYS_EMBED_SWIFT_STANDARD_LIBRARIES = YES;
				BUNDLE_LOADER = "$(TEST_HOST)";
				CODE_SIGN_STYLE = Automatic;
				CURRENT_PROJECT_VERSION = 1;
				GENERATE_INFOPLIST_FILE = YES;
				IPHONEOS_DEPLOYMENT_TARGET = 15.2;
				MARKETING_VERSION = 1.0;
				PRODUCT_BUNDLE_IDENTIFIER = demoZZZ.QNATests;
				PRODUCT_NAME = "$(TARGET_NAME)";
				SWIFT_EMIT_LOC_STRINGS = NO;
				SWIFT_VERSION = 5.0;
				TARGETED_DEVICE_FAMILY = "1,2";
				TEST_HOST = "$(BUILT_PRODUCTS_DIR)/QNA.app/QNA";
			};
			name = Debug;
		};
		8A08B01C2848FA13002A8BCB /* Release */ = {
			isa = XCBuildConfiguration;
			buildSettings = {
				ALWAYS_EMBED_SWIFT_STANDARD_LIBRARIES = YES;
				BUNDLE_LOADER = "$(TEST_HOST)";
				CODE_SIGN_STYLE = Automatic;
				CURRENT_PROJECT_VERSION = 1;
				GENERATE_INFOPLIST_FILE = YES;
				IPHONEOS_DEPLOYMENT_TARGET = 15.2;
				MARKETING_VERSION = 1.0;
				PRODUCT_BUNDLE_IDENTIFIER = demoZZZ.QNATests;
				PRODUCT_NAME = "$(TARGET_NAME)";
				SWIFT_EMIT_LOC_STRINGS = NO;
				SWIFT_VERSION = 5.0;
				TARGETED_DEVICE_FAMILY = "1,2";
				TEST_HOST = "$(BUILT_PRODUCTS_DIR)/QNA.app/QNA";
			};
			name = Release;
		};
		8A08B01E2848FA13002A8BCB /* Debug */ = {
			isa = XCBuildConfiguration;
			buildSettings = {
				ALWAYS_EMBED_SWIFT_STANDARD_LIBRARIES = YES;
				CODE_SIGN_STYLE = Automatic;
				CURRENT_PROJECT_VERSION = 1;
				GENERATE_INFOPLIST_FILE = YES;
				MARKETING_VERSION = 1.0;
				PRODUCT_BUNDLE_IDENTIFIER = demoZZZ.QNAUITests;
				PRODUCT_NAME = "$(TARGET_NAME)";
				SWIFT_EMIT_LOC_STRINGS = NO;
				SWIFT_VERSION = 5.0;
				TARGETED_DEVICE_FAMILY = "1,2";
				TEST_TARGET_NAME = QNA;
			};
			name = Debug;
		};
		8A08B01F2848FA13002A8BCB /* Release */ = {
			isa = XCBuildConfiguration;
			buildSettings = {
				ALWAYS_EMBED_SWIFT_STANDARD_LIBRARIES = YES;
				CODE_SIGN_STYLE = Automatic;
				CURRENT_PROJECT_VERSION = 1;
				GENERATE_INFOPLIST_FILE = YES;
				MARKETING_VERSION = 1.0;
				PRODUCT_BUNDLE_IDENTIFIER = demoZZZ.QNAUITests;
				PRODUCT_NAME = "$(TARGET_NAME)";
				SWIFT_EMIT_LOC_STRINGS = NO;
				SWIFT_VERSION = 5.0;
				TARGETED_DEVICE_FAMILY = "1,2";
				TEST_TARGET_NAME = QNA;
			};
			name = Release;
		};
/* End XCBuildConfiguration section */

/* Begin XCConfigurationList section */
		8A08AFE52848FA0D002A8BCB /* Build configuration list for PBXProject "QNA" */ = {
			isa = XCConfigurationList;
			buildConfigurations = (
				8A08B0152848FA13002A8BCB /* Debug */,
				8A08B0162848FA13002A8BCB /* Release */,
			);
			defaultConfigurationIsVisible = 0;
			defaultConfigurationName = Release;
		};
		8A08B0172848FA13002A8BCB /* Build configuration list for PBXNativeTarget "QNA" */ = {
			isa = XCConfigurationList;
			buildConfigurations = (
				8A08B0182848FA13002A8BCB /* Debug */,
				8A08B0192848FA13002A8BCB /* Release */,
			);
			defaultConfigurationIsVisible = 0;
			defaultConfigurationName = Release;
		};
		8A08B01A2848FA13002A8BCB /* Build configuration list for PBXNativeTarget "QNATests" */ = {
			isa = XCConfigurationList;
			buildConfigurations = (
				8A08B01B2848FA13002A8BCB /* Debug */,
				8A08B01C2848FA13002A8BCB /* Release */,
			);
			defaultConfigurationIsVisible = 0;
			defaultConfigurationName = Release;
		};
		8A08B01D2848FA13002A8BCB /* Build configuration list for PBXNativeTarget "QNAUITests" */ = {
			isa = XCConfigurationList;
			buildConfigurations = (
				8A08B01E2848FA13002A8BCB /* Debug */,
				8A08B01F2848FA13002A8BCB /* Release */,
			);
			defaultConfigurationIsVisible = 0;
			defaultConfigurationName = Release;
		};
/* End XCConfigurationList section */

/* Begin XCVersionGroup section */
		8A08AFF62848FA0D002A8BCB /* QNA.xcdatamodeld */ = {
			isa = XCVersionGroup;
			children = (
				8A08AFF72848FA0D002A8BCB /* QNA.xcdatamodel */,
			);
			currentVersion = 8A08AFF72848FA0D002A8BCB /* QNA.xcdatamodel */;
			path = QNA.xcdatamodeld;
			sourceTree = "<group>";
			versionGroupType = wrapper.xcdatamodel;
		};
/* End XCVersionGroup section */
	};
	rootObject = 8A08AFE22848FA0D002A8BCB /* Project object */;
}
